
Microsoft Visual Studio Solution File, Format Version 12.00
# Visual Studio Version 16
VisualStudioVersion = 16.0.31729.503
MinimumVisualStudioVersion = 10.0.40219.1
Project("{9A19103F-16F7-4668-BE54-9A1E7A4F7556}") = "PatronSingletonExamen", "Examen1\PatronSingletonExamen.csproj", "{6005B466-D972-4492-A9CC-EDC625257B7E}"
EndProject
Global
	GlobalSection(SolutionConfigurationPlatforms) = preSolution
		Debug|Any CPU = Debug|Any CPU
		Release|Any CPU = Release|Any CPU
	EndGlobalSection
	GlobalSection(ProjectConfigurationPlatforms) = postSolution
		{6005B466-D972-4492-A9CC-EDC625257B7E}.Debug|Any CPU.ActiveCfg = Debug|Any CPU
		{6005B466-D972-4492-A9CC-EDC625257B7E}.Debug|Any CPU.Build.0 = Debug|Any CPU
		{6005B466-D972-4492-A9CC-EDC625257B7E}.Release|Any CPU.ActiveCfg = Release|Any CPU
		{6005B466-D972-4492-A9CC-EDC625257B7E}.Release|Any CPU.Build.0 = Release|Any CPU
	EndGlobalSection
	GlobalSection(SolutionProperties) = preSolution
		HideSolutionNode = FALSE
	EndGlobalSection
	GlobalSection(ExtensibilityGlobals) = postSolution
		SolutionGuid = {6FBA9C91-A159-4DCA-9164-FCAC855F616F}
	EndGlobalSection
EndGlobal
